<?xml version="1.0" encoding="UTF-8" standalone="yes" ?>
<CodeBlocks_project_file>
	<FileVersion major="1" minor="6" />
	<Project>
		<Option title="FlappyShiba" />
		<Option pch_mode="2" />
		<Option compiler="gcc" />
		<Build>
			<Target title="Debug">
				<Option output="bin/FlappyShiba" prefix_auto="1" extension_auto="1" />
				<Option working_dir="bin" />
				<Option object_output="obj/Debug/" />
				<Option type="1" />
				<Option compiler="gcc" />
				<Compiler>
					<Add option="-g" />
				</Compiler>
			</Target>
			<Target title="Release">
				<Option output="bin/FlappyShiba" prefix_auto="1" extension_auto="1" />
				<Option working_dir="bin" />
				<Option object_output="obj/Release/" />
				<Option type="1" />
				<Option compiler="gcc" />
				<Compiler>
					<Add option="-O2" />
				</Compiler>
				<Linker>
					<Add option="-s" />
				</Linker>
			</Target>
		</Build>
		<Compiler>
			<Add option="-Wall" />
		</Compiler>
		<Linker>
			<Add option="-lmingw32" />
			<Add option="-lSDL2main" />
			<Add option="-lSDL2.dll" />
			<Add option="-lSDL2" />
			<Add option="-lSDL2_image.dll" />
			<Add option="-lSDL2_image" />
			<Add option="-lSDL2_mixer.dll" />
			<Add option="-lSDL2_ttf.dll" />
		</Linker>
		<Unit filename="code/Background.cpp" />
		<Unit filename="code/Background.h" />
		<Unit filename="code/GameLoop.cpp" />
		<Unit filename="code/GameLoop.h" />
		<Unit filename="code/Menu.cpp" />
		<Unit filename="code/Menu.h" />
		<Unit filename="code/Object.cpp" />
		<Unit filename="code/Object.h" />
		<Unit filename="code/Pipe.cpp" />
		<Unit filename="code/Pipe.h" />
		<Unit filename="code/Player.cpp" />
		<Unit filename="code/Player.h" />
		<Unit filename="code/Sound.cpp" />
		<Unit filename="code/Sound.h" />
		<Unit filename="code/TextureManager.cpp" />
		<Unit filename="code/TextureManager.h" />
		<Unit filename="code/main.cpp" />
		<Extensions />
	</Project>
</CodeBlocks_project_file>
